
Microsoft Visual Studio Solution File, Format Version 12.00
# Visual Studio Version 16
VisualStudioVersion = 16.0.29424.173
MinimumVisualStudioVersion = 10.0.40219.1
Project("{2150E333-8FDC-42A3-9474-1A3956D46DE8}") = "src", "src", "{D5877806-4E2E-4B89-961D-8D07204C8D12}"
EndProject
Project("{2150E333-8FDC-42A3-9474-1A3956D46DE8}") = "core", "core", "{5F03EFC1-0AC6-41EC-8F5B-916A5013714E}"
EndProject
Project("{9A19103F-16F7-4668-BE54-9A1E7A4F7556}") = "EP.Cryptocurrency.Core", "src\core\EP.Cryptocurrency.Core\EP.Cryptocurrency.Core.csproj", "{CD0AAEDC-0D95-4D82-9876-6E8E683D3314}"
EndProject
Project("{2150E333-8FDC-42A3-9474-1A3956D46DE8}") = "data", "data", "{5565AE39-6982-4D75-9E84-E1C0B511E092}"
EndProject
Project("{9A19103F-16F7-4668-BE54-9A1E7A4F7556}") = "EP.Cryptocurrency.Repository", "src\data\EP.Cryptocurrency.Repository\EP.Cryptocurrency.Repository.csproj", "{BD5DDB9B-1065-49FA-BBC7-E79F0EB5EC6A}"
EndProject
Project("{9A19103F-16F7-4668-BE54-9A1E7A4F7556}") = "EP.Cryptocurrency.Storage", "src\data\EP.Cryptocurrency.Storage\EP.Cryptocurrency.Storage.csproj", "{3005FB42-27C9-4ED1-BCA1-63C5093439DF}"
EndProject
Project("{9A19103F-16F7-4668-BE54-9A1E7A4F7556}") = "EP.Cryptocurrency.Web", "src\EP.Cryptocurrency.Web\EP.Cryptocurrency.Web.csproj", "{53EAB6FA-7652-4C35-BDFD-591066A94F4F}"
EndProject
Project("{9A19103F-16F7-4668-BE54-9A1E7A4F7556}") = "EP.Cryptocurrency.DataSupplier", "src\core\EP.Cryptocurrency.DataSupplier\EP.Cryptocurrency.DataSupplier.csproj", "{CA6FCC23-08A1-41EB-A59D-BB8C54251445}"
EndProject
Project("{2150E333-8FDC-42A3-9474-1A3956D46DE8}") = "tests", "tests", "{5327E987-C94D-452A-8C78-36D1C8CD2B7E}"
EndProject
Project("{9A19103F-16F7-4668-BE54-9A1E7A4F7556}") = "EP.Cryptocurrency.DataSupplier.Tests", "tests\EP.Cryptocurrency.DataSupplier.Tests\EP.Cryptocurrency.DataSupplier.Tests.csproj", "{D8EBBE6A-EEE4-49BA-B193-3C5C271B3D2D}"
EndProject
Project("{9A19103F-16F7-4668-BE54-9A1E7A4F7556}") = "EP.Cryptocurrency.Synchronizer", "src\EP.Cryptocurrency.Synchronizer\EP.Cryptocurrency.Synchronizer.csproj", "{35D537D3-98AD-42F8-B236-946B2C10CBB4}"
EndProject
Project("{FAE04EC0-301F-11D3-BF4B-00C04F79EFBC}") = "EP.Cryptocurrency.Core.Tests", "tests\EP.Cryptocurrency.Core.Tests\EP.Cryptocurrency.Core.Tests.csproj", "{8FB4D78E-9CC2-4B55-ABC8-267CDC47430A}"
EndProject
Global
	GlobalSection(SolutionConfigurationPlatforms) = preSolution
		Debug|Any CPU = Debug|Any CPU
		Release|Any CPU = Release|Any CPU
	EndGlobalSection
	GlobalSection(ProjectConfigurationPlatforms) = postSolution
		{CD0AAEDC-0D95-4D82-9876-6E8E683D3314}.Debug|Any CPU.ActiveCfg = Debug|Any CPU
		{CD0AAEDC-0D95-4D82-9876-6E8E683D3314}.Debug|Any CPU.Build.0 = Debug|Any CPU
		{CD0AAEDC-0D95-4D82-9876-6E8E683D3314}.Release|Any CPU.ActiveCfg = Release|Any CPU
		{CD0AAEDC-0D95-4D82-9876-6E8E683D3314}.Release|Any CPU.Build.0 = Release|Any CPU
		{BD5DDB9B-1065-49FA-BBC7-E79F0EB5EC6A}.Debug|Any CPU.ActiveCfg = Debug|Any CPU
		{BD5DDB9B-1065-49FA-BBC7-E79F0EB5EC6A}.Debug|Any CPU.Build.0 = Debug|Any CPU
		{BD5DDB9B-1065-49FA-BBC7-E79F0EB5EC6A}.Release|Any CPU.ActiveCfg = Release|Any CPU
		{BD5DDB9B-1065-49FA-BBC7-E79F0EB5EC6A}.Release|Any CPU.Build.0 = Release|Any CPU
		{3005FB42-27C9-4ED1-BCA1-63C5093439DF}.Debug|Any CPU.ActiveCfg = Debug|Any CPU
		{3005FB42-27C9-4ED1-BCA1-63C5093439DF}.Debug|Any CPU.Build.0 = Debug|Any CPU
		{3005FB42-27C9-4ED1-BCA1-63C5093439DF}.Release|Any CPU.ActiveCfg = Release|Any CPU
		{3005FB42-27C9-4ED1-BCA1-63C5093439DF}.Release|Any CPU.Build.0 = Release|Any CPU
		{53EAB6FA-7652-4C35-BDFD-591066A94F4F}.Debug|Any CPU.ActiveCfg = Debug|Any CPU
		{53EAB6FA-7652-4C35-BDFD-591066A94F4F}.Debug|Any CPU.Build.0 = Debug|Any CPU
		{53EAB6FA-7652-4C35-BDFD-591066A94F4F}.Release|Any CPU.ActiveCfg = Release|Any CPU
		{53EAB6FA-7652-4C35-BDFD-591066A94F4F}.Release|Any CPU.Build.0 = Release|Any CPU
		{CA6FCC23-08A1-41EB-A59D-BB8C54251445}.Debug|Any CPU.ActiveCfg = Debug|Any CPU
		{CA6FCC23-08A1-41EB-A59D-BB8C54251445}.Debug|Any CPU.Build.0 = Debug|Any CPU
		{CA6FCC23-08A1-41EB-A59D-BB8C54251445}.Release|Any CPU.ActiveCfg = Release|Any CPU
		{CA6FCC23-08A1-41EB-A59D-BB8C54251445}.Release|Any CPU.Build.0 = Release|Any CPU
		{D8EBBE6A-EEE4-49BA-B193-3C5C271B3D2D}.Debug|Any CPU.ActiveCfg = Debug|Any CPU
		{D8EBBE6A-EEE4-49BA-B193-3C5C271B3D2D}.Debug|Any CPU.Build.0 = Debug|Any CPU
		{D8EBBE6A-EEE4-49BA-B193-3C5C271B3D2D}.Release|Any CPU.ActiveCfg = Release|Any CPU
		{D8EBBE6A-EEE4-49BA-B193-3C5C271B3D2D}.Release|Any CPU.Build.0 = Release|Any CPU
		{35D537D3-98AD-42F8-B236-946B2C10CBB4}.Debug|Any CPU.ActiveCfg = Debug|Any CPU
		{35D537D3-98AD-42F8-B236-946B2C10CBB4}.Debug|Any CPU.Build.0 = Debug|Any CPU
		{35D537D3-98AD-42F8-B236-946B2C10CBB4}.Release|Any CPU.ActiveCfg = Release|Any CPU
		{35D537D3-98AD-42F8-B236-946B2C10CBB4}.Release|Any CPU.Build.0 = Release|Any CPU
		{8FB4D78E-9CC2-4B55-ABC8-267CDC47430A}.Debug|Any CPU.ActiveCfg = Debug|Any CPU
		{8FB4D78E-9CC2-4B55-ABC8-267CDC47430A}.Debug|Any CPU.Build.0 = Debug|Any CPU
		{8FB4D78E-9CC2-4B55-ABC8-267CDC47430A}.Release|Any CPU.ActiveCfg = Release|Any CPU
		{8FB4D78E-9CC2-4B55-ABC8-267CDC47430A}.Release|Any CPU.Build.0 = Release|Any CPU
	EndGlobalSection
	GlobalSection(SolutionProperties) = preSolution
		HideSolutionNode = FALSE
	EndGlobalSection
	GlobalSection(NestedProjects) = preSolution
		{5F03EFC1-0AC6-41EC-8F5B-916A5013714E} = {D5877806-4E2E-4B89-961D-8D07204C8D12}
		{CD0AAEDC-0D95-4D82-9876-6E8E683D3314} = {5F03EFC1-0AC6-41EC-8F5B-916A5013714E}
		{5565AE39-6982-4D75-9E84-E1C0B511E092} = {D5877806-4E2E-4B89-961D-8D07204C8D12}
		{BD5DDB9B-1065-49FA-BBC7-E79F0EB5EC6A} = {5565AE39-6982-4D75-9E84-E1C0B511E092}
		{3005FB42-27C9-4ED1-BCA1-63C5093439DF} = {5565AE39-6982-4D75-9E84-E1C0B511E092}
		{53EAB6FA-7652-4C35-BDFD-591066A94F4F} = {D5877806-4E2E-4B89-961D-8D07204C8D12}
		{CA6FCC23-08A1-41EB-A59D-BB8C54251445} = {5F03EFC1-0AC6-41EC-8F5B-916A5013714E}
		{D8EBBE6A-EEE4-49BA-B193-3C5C271B3D2D} = {5327E987-C94D-452A-8C78-36D1C8CD2B7E}
		{35D537D3-98AD-42F8-B236-946B2C10CBB4} = {D5877806-4E2E-4B89-961D-8D07204C8D12}
		{8FB4D78E-9CC2-4B55-ABC8-267CDC47430A} = {5327E987-C94D-452A-8C78-36D1C8CD2B7E}
	EndGlobalSection
	GlobalSection(ExtensibilityGlobals) = postSolution
		SolutionGuid = {0068289C-D305-4095-9B75-DC2BD7A6E1A0}
	EndGlobalSection
EndGlobal
